# @generated - this file is auto-generated by `mise lock` https://mise.en.dev/dev-tools/mise-lock.html

[[tools.hk]]
version = "1.45.0"
backend = "aqua:jdx/hk"

[tools.hk."platforms.linux-arm64"]
checksum = "sha256:22293f9c742f0def32299689022891ced7c5c9d5024c91afd33a83e6f714686c"
url = "https://github.com/jdx/hk/releases/download/v1.45.0/hk-aarch64-unknown-linux-gnu.tar.gz"

[tools.hk."platforms.linux-arm64-musl"]
checksum = "sha256:81b64f76df8a399f926a4158bfcbef0fa28dcd60b40799b9474ca2ab21d89c02"
url = "https://github.com/jdx/hk/releases/download/v1.45.0/hk-aarch64-unknown-linux-musl.tar.gz"

[tools.hk."platforms.linux-x64"]
checksum = "sha256:47a3338403f689cc295d36213cfede4e1098c335d18064416ea9ac2b9739c148"
url = "https://github.com/jdx/hk/releases/download/v1.45.0/hk-x86_64-unknown-linux-gnu.tar.gz"

[tools.hk."platforms.linux-x64-musl"]
checksum = "sha256:afdb201d251f35615f00f3880daa5a4e97d7948304473c259245a7123c0fedcf"
url = "https://github.com/jdx/hk/releases/download/v1.45.0/hk-x86_64-unknown-linux-musl.tar.gz"

[tools.hk."platforms.macos-arm64"]
checksum = "sha256:17bd1d9eccbfc894c4b0191871a964dc67df80c1bfbee072e5c12d4bb893a8a6"
url = "https://github.com/jdx/hk/releases/download/v1.45.0/hk-aarch64-apple-darwin.tar.gz"

[tools.hk."platforms.windows-x64"]
checksum = "sha256:94c7c460d05748524a96583b656e8dec31a11a30ce6a997b9a5b5d8ec4d1b7e7"
url = "https://github.com/jdx/hk/releases/download/v1.45.0/hk-x86_64-pc-windows-msvc.zip"

[[tools.rumdl]]
version = "0.1.93 "
backend = "aqua:rvben/rumdl"

[tools.rumdl."platforms.linux-arm64"]
provenance = "github-attestations"

[tools.rumdl."platforms.linux-arm64-musl"]
provenance = "github-attestations"

[tools.rumdl."platforms.linux-x64"]
provenance = "github-attestations"

[tools.rumdl."platforms.linux-x64-musl"]
provenance = "github-attestations"

[tools.rumdl."platforms.macos-arm64"]
provenance = "github-attestations"

[tools.rumdl."platforms.macos-x64"]
provenance = "github-attestations"

[tools.rumdl."platforms.windows-x64"]
provenance = "github-attestations"

[[tools.typos]]
version = "1.46.1"
backend = "aqua:crate-ci/typos"

[tools.typos."platforms.linux-arm64"]
checksum = "sha256:70a8e5a2c6272e25438ed8a9f10c40c9becf79f2800183fd34603a0840162eac"
url = "https://github.com/crate-ci/typos/releases/download/v1.46.1/typos-v1.46.1-aarch64-unknown-linux-musl.tar.gz"

[tools.typos."platforms.linux-arm64-musl"]
checksum = "sha256:70a8e5a2c6272e25438ed8a9f10c40c9becf79f2800183fd34603a0840162eac"
url = "https://github.com/crate-ci/typos/releases/download/v1.46.1/typos-v1.46.1-aarch64-unknown-linux-musl.tar.gz"

[tools.typos."platforms.linux-x64"]
checksum = "sha256:c574fa505596922ba2e7b1027a0a5b2df528f399b86b6915d85748186a65ca44"
url = "https://github.com/crate-ci/typos/releases/download/v1.46.1/typos-v1.46.1-x86_64-unknown-linux-musl.tar.gz"

[tools.typos."platforms.linux-x64-musl"]
checksum = "sha256:c574fa505596922ba2e7b1027a0a5b2df528f399b86b6915d85748186a65ca44"
url = "https://github.com/crate-ci/typos/releases/download/v1.46.1/typos-v1.46.1-x86_64-unknown-linux-musl.tar.gz"

[tools.typos."platforms.macos-arm64"]
checksum = "sha256:bb5e07df5c938f41b95903ca8943d9230eb5a4cfbc8a2ff1f3a029d5370926a8"
url = "https://github.com/crate-ci/typos/releases/download/v1.46.1/typos-v1.46.1-aarch64-apple-darwin.tar.gz"

[tools.typos."platforms.macos-x64"]
checksum = "sha256:bc585c22f2c4f5963ad782df1d4764a91476d3079477a08833ff87dfa416bb72"
url = "https://github.com/crate-ci/typos/releases/download/v1.46.1/typos-v1.46.1-x86_64-apple-darwin.tar.gz"

[tools.typos."platforms.windows-x64"]
checksum = "sha256:a7b042fc79bf7b73b00ece054ec3109858e001136c2642f28004544b571d37a2"
url = "https://github.com/crate-ci/typos/releases/download/v1.46.1/typos-v1.46.1-x86_64-pc-windows-msvc.zip"
