# @generated - this file is auto-generated by `mise lock` https://mise.en.dev/dev-tools/mise-lock.html

[[tools.typos]]
version = "1.46.1"
backend = "aqua:crate-ci/typos"

[tools.typos."platforms.linux-arm64"]
checksum = "sha256:70a8e5a2c6272e25438ed8a9f10c40c9becf79f2800183fd34603a0840162eac"
url = "https://github.com/crate-ci/typos/releases/download/v1.46.1/typos-v1.46.1-aarch64-unknown-linux-musl.tar.gz"

[tools.typos."platforms.linux-arm64-musl"]
checksum = "sha256:70a8e5a2c6272e25438ed8a9f10c40c9becf79f2800183fd34603a0840162eac"
url = "https://github.com/crate-ci/typos/releases/download/v1.46.1/typos-v1.46.1-aarch64-unknown-linux-musl.tar.gz"

[tools.typos."platforms.linux-x64"]
checksum = "sha256:c574fa505596922ba2e7b1027a0a5b2df528f399b86b6915d85748186a65ca44"
url = "https://github.com/crate-ci/typos/releases/download/v1.46.1/typos-v1.46.1-x86_64-unknown-linux-musl.tar.gz"

[tools.typos."platforms.linux-x64-musl"]
checksum = "sha256:c574fa505596922ba2e7b1027a0a5b2df528f399b86b6915d85748186a65ca44"
url = "https://github.com/crate-ci/typos/releases/download/v1.46.1/typos-v1.46.1-x86_64-unknown-linux-musl.tar.gz"

[tools.typos."platforms.macos-arm64"]
checksum = "sha256:bb5e07df5c938f41b95903ca8943d9230eb5a4cfbc8a2ff1f3a029d5370926a8"
url = "https://github.com/crate-ci/typos/releases/download/v1.46.1/typos-v1.46.1-aarch64-apple-darwin.tar.gz"

[tools.typos."platforms.macos-x64"]
checksum = "sha256:bc585c22f2c4f5963ad782df1d4764a91476d3079477a08833ff87dfa416bb72"
url = "https://github.com/crate-ci/typos/releases/download/v1.46.1/typos-v1.46.1-x86_64-apple-darwin.tar.gz"

[tools.typos."platforms.windows-x64"]
checksum = "sha256:a7b042fc79bf7b73b00ece054ec3109858e001136c2642f28004544b571d37a2"
url = "https://github.com/crate-ci/typos/releases/download/v1.46.1/typos-v1.46.1-x86_64-pc-windows-msvc.zip"
