lockfileVersion: '9.0'

settings:
  autoInstallPeers: true
  excludeLinksFromLockfile: false

importers:

  .:
    dependencies:
      selenium-webdriver:
        specifier: 4.37.0
        version: 4.37.0
    devDependencies:
      '@types/node':
        specifier: 24.9.1
        version: 24.9.1
      '@types/selenium-webdriver':
        specifier: 4.35.2
        version: 4.35.2
      '@vitest/coverage-v8':
        specifier: 4.0.1
        version: 4.0.1(vitest@4.0.1(@types/node@24.9.1))
      oxfmt:
        specifier: 0.8.0
        version: 0.8.0
      oxlint:
        specifier: 1.24.0
        version: 1.24.0(oxlint-tsgolint@0.2.1)
      oxlint-tsgolint:
        specifier: 0.2.1
        version: 0.2.1
      typescript:
        specifier: 5.9.3
        version: 5.9.3
      vite:
        specifier: 7.1.11
        version: 7.1.11(@types/node@24.9.1)
      vitest:
        specifier: 4.0.1
        version: 4.0.1(@types/node@24.9.1)

packages:

  '@babel/helper-string-parser@7.27.1':
    resolution: {integrity: sha512-qMlSxKbpRlAridDExk92nSobyDdpPijUq2DW6oDnUqd0iOGxmQjyqhMIihI9+zv4LPyZdRje2cavWPbCbWm3eA==}
    engines: {node: '>=6.9.0'}

  '@babel/helper-validator-identifier@7.27.1':
    resolution: {integrity: sha512-D2hP9eA+Sqx1kBZgzxZh0y1trbuU+JoDkiEwqhQ36nodYqJwyEIhPSdMNd7lOm/4io72luTPWH20Yda0xOuUow==}
    engines: {node: '>=6.9.0'}

  '@babel/parser@7.28.4':
    resolution: {integrity: sha512-yZbBqeM6TkpP9du/I2pUZnJsRMGGvOuIrhjzC1AwHwW+6he4mni6Bp/m8ijn0iOuZuPI2BfkCoSRunpyjnrQKg==}
    engines: {node: '>=6.0.0'}
    hasBin: true

  '@babel/types@7.28.4':
    resolution: {integrity: sha512-bkFqkLhh3pMBUQQkpVgWDWq/lqzc2678eUyDlTBhRqhCHFguYYGM0Efga7tYk4TogG/3x0EEl66/OQ+WGbWB/Q==}
    engines: {node: '>=6.9.0'}

  '@bazel/runfiles@6.5.0':
    resolution: {integrity: sha512-RzahvqTkfpY2jsDxo8YItPX+/iZ6hbiikw1YhE0bA9EKBR5Og8Pa6FHn9PO9M0zaXRVsr0GFQLKbB/0rzy9SzA==}

  '@bcoe/v8-coverage@1.0.2':
    resolution: {integrity: sha512-6zABk/ECA/QYSCQ1NGiVwwbQerUCZ+TQbp64Q3AgmfNvurHH0j8TtXa1qbShXA6qqkpAj4V5W8pP6mLe1mcMqA==}
    engines: {node: '>=18'}

  '@esbuild/aix-ppc64@0.25.11':
    resolution: {integrity: sha512-Xt1dOL13m8u0WE8iplx9Ibbm+hFAO0GsU2P34UNoDGvZYkY8ifSiy6Zuc1lYxfG7svWE2fzqCUmFp5HCn51gJg==}
    engines: {node: '>=18'}
    cpu: [ppc64]
    os: [aix]

  '@esbuild/android-arm64@0.25.11':
    resolution: {integrity: sha512-9slpyFBc4FPPz48+f6jyiXOx/Y4v34TUeDDXJpZqAWQn/08lKGeD8aDp9TMn9jDz2CiEuHwfhRmGBvpnd/PWIQ==}
    engines: {node: '>=18'}
    cpu: [arm64]
    os: [android]

  '@esbuild/android-arm@0.25.11':
    resolution: {integrity: sha512-uoa7dU+Dt3HYsethkJ1k6Z9YdcHjTrSb5NUy66ZfZaSV8hEYGD5ZHbEMXnqLFlbBflLsl89Zke7CAdDJ4JI+Gg==}
    engines: {node: '>=18'}
    cpu: [arm]
    os: [android]

  '@esbuild/android-x64@0.25.11':
    resolution: {integrity: sha512-Sgiab4xBjPU1QoPEIqS3Xx+R2lezu0LKIEcYe6pftr56PqPygbB7+szVnzoShbx64MUupqoE0KyRlN7gezbl8g==}
    engines: {node: '>=18'}
    cpu: [x64]
    os: [android]

  '@esbuild/darwin-arm64@0.25.11':
    resolution: {integrity: sha512-VekY0PBCukppoQrycFxUqkCojnTQhdec0vevUL/EDOCnXd9LKWqD/bHwMPzigIJXPhC59Vd1WFIL57SKs2mg4w==}
    engines: {node: '>=18'}
    cpu: [arm64]
    os: [darwin]

  '@esbuild/darwin-x64@0.25.11':
    resolution: {integrity: sha512-+hfp3yfBalNEpTGp9loYgbknjR695HkqtY3d3/JjSRUyPg/xd6q+mQqIb5qdywnDxRZykIHs3axEqU6l1+oWEQ==}
    engines: {node: '>=18'}
    cpu: [x64]
    os: [darwin]

  '@esbuild/freebsd-arm64@0.25.11':
    resolution: {integrity: sha512-CmKjrnayyTJF2eVuO//uSjl/K3KsMIeYeyN7FyDBjsR3lnSJHaXlVoAK8DZa7lXWChbuOk7NjAc7ygAwrnPBhA==}
    engines: {node: '>=18'}
    cpu: [arm64]
    os: [freebsd]

  '@esbuild/freebsd-x64@0.25.11':
    resolution: {integrity: sha512-Dyq+5oscTJvMaYPvW3x3FLpi2+gSZTCE/1ffdwuM6G1ARang/mb3jvjxs0mw6n3Lsw84ocfo9CrNMqc5lTfGOw==}
    engines: {node: '>=18'}
    cpu: [x64]
    os: [freebsd]

  '@esbuild/linux-arm64@0.25.11':
    resolution: {integrity: sha512-Qr8AzcplUhGvdyUF08A1kHU3Vr2O88xxP0Tm8GcdVOUm25XYcMPp2YqSVHbLuXzYQMf9Bh/iKx7YPqECs6ffLA==}
    engines: {node: '>=18'}
    cpu: [arm64]
    os: [linux]

  '@esbuild/linux-arm@0.25.11':
    resolution: {integrity: sha512-TBMv6B4kCfrGJ8cUPo7vd6NECZH/8hPpBHHlYI3qzoYFvWu2AdTvZNuU/7hsbKWqu/COU7NIK12dHAAqBLLXgw==}
    engines: {node: '>=18'}
    cpu: [arm]
    os: [linux]

  '@esbuild/linux-ia32@0.25.11':
    resolution: {integrity: sha512-TmnJg8BMGPehs5JKrCLqyWTVAvielc615jbkOirATQvWWB1NMXY77oLMzsUjRLa0+ngecEmDGqt5jiDC6bfvOw==}
    engines: {node: '>=18'}
    cpu: [ia32]
    os: [linux]

  '@esbuild/linux-loong64@0.25.11':
    resolution: {integrity: sha512-DIGXL2+gvDaXlaq8xruNXUJdT5tF+SBbJQKbWy/0J7OhU8gOHOzKmGIlfTTl6nHaCOoipxQbuJi7O++ldrxgMw==}
    engines: {node: '>=18'}
    cpu: [loong64]
    os: [linux]

  '@esbuild/linux-mips64el@0.25.11':
    resolution: {integrity: sha512-Osx1nALUJu4pU43o9OyjSCXokFkFbyzjXb6VhGIJZQ5JZi8ylCQ9/LFagolPsHtgw6himDSyb5ETSfmp4rpiKQ==}
    engines: {node: '>=18'}
    cpu: [mips64el]
    os: [linux]

  '@esbuild/linux-ppc64@0.25.11':
    resolution: {integrity: sha512-nbLFgsQQEsBa8XSgSTSlrnBSrpoWh7ioFDUmwo158gIm5NNP+17IYmNWzaIzWmgCxq56vfr34xGkOcZ7jX6CPw==}
    engines: {node: '>=18'}
    cpu: [ppc64]
    os: [linux]

  '@esbuild/linux-riscv64@0.25.11':
    resolution: {integrity: sha512-HfyAmqZi9uBAbgKYP1yGuI7tSREXwIb438q0nqvlpxAOs3XnZ8RsisRfmVsgV486NdjD7Mw2UrFSw51lzUk1ww==}
    engines: {node: '>=18'}
    cpu: [riscv64]
    os: [linux]

  '@esbuild/linux-s390x@0.25.11':
    resolution: {integrity: sha512-HjLqVgSSYnVXRisyfmzsH6mXqyvj0SA7pG5g+9W7ESgwA70AXYNpfKBqh1KbTxmQVaYxpzA/SvlB9oclGPbApw==}
    engines: {node: '>=18'}
    cpu: [s390x]
    os: [linux]

  '@esbuild/linux-x64@0.25.11':
    resolution: {integrity: sha512-HSFAT4+WYjIhrHxKBwGmOOSpphjYkcswF449j6EjsjbinTZbp8PJtjsVK1XFJStdzXdy/jaddAep2FGY+wyFAQ==}
    engines: {node: '>=18'}
    cpu: [x64]
    os: [linux]

  '@esbuild/netbsd-arm64@0.25.11':
    resolution: {integrity: sha512-hr9Oxj1Fa4r04dNpWr3P8QKVVsjQhqrMSUzZzf+LZcYjZNqhA3IAfPQdEh1FLVUJSiu6sgAwp3OmwBfbFgG2Xg==}
    engines: {node: '>=18'}
    cpu: [arm64]
    os: [netbsd]

  '@esbuild/netbsd-x64@0.25.11':
    resolution: {integrity: sha512-u7tKA+qbzBydyj0vgpu+5h5AeudxOAGncb8N6C9Kh1N4n7wU1Xw1JDApsRjpShRpXRQlJLb9wY28ELpwdPcZ7A==}
    engines: {node: '>=18'}
    cpu: [x64]
    os: [netbsd]

  '@esbuild/openbsd-arm64@0.25.11':
    resolution: {integrity: sha512-Qq6YHhayieor3DxFOoYM1q0q1uMFYb7cSpLD2qzDSvK1NAvqFi8Xgivv0cFC6J+hWVw2teCYltyy9/m/14ryHg==}
    engines: {node: '>=18'}
    cpu: [arm64]
    os: [openbsd]

  '@esbuild/openbsd-x64@0.25.11':
    resolution: {integrity: sha512-CN+7c++kkbrckTOz5hrehxWN7uIhFFlmS/hqziSFVWpAzpWrQoAG4chH+nN3Be+Kzv/uuo7zhX716x3Sn2Jduw==}
    engines: {node: '>=18'}
    cpu: [x64]
    os: [openbsd]

  '@esbuild/openharmony-arm64@0.25.11':
    resolution: {integrity: sha512-rOREuNIQgaiR+9QuNkbkxubbp8MSO9rONmwP5nKncnWJ9v5jQ4JxFnLu4zDSRPf3x4u+2VN4pM4RdyIzDty/wQ==}
    engines: {node: '>=18'}
    cpu: [arm64]
    os: [openharmony]

  '@esbuild/sunos-x64@0.25.11':
    resolution: {integrity: sha512-nq2xdYaWxyg9DcIyXkZhcYulC6pQ2FuCgem3LI92IwMgIZ69KHeY8T4Y88pcwoLIjbed8n36CyKoYRDygNSGhA==}
    engines: {node: '>=18'}
    cpu: [x64]
    os: [sunos]

  '@esbuild/win32-arm64@0.25.11':
    resolution: {integrity: sha512-3XxECOWJq1qMZ3MN8srCJ/QfoLpL+VaxD/WfNRm1O3B4+AZ/BnLVgFbUV3eiRYDMXetciH16dwPbbHqwe1uU0Q==}
    engines: {node: '>=18'}
    cpu: [arm64]
    os: [win32]

  '@esbuild/win32-ia32@0.25.11':
    resolution: {integrity: sha512-3ukss6gb9XZ8TlRyJlgLn17ecsK4NSQTmdIXRASVsiS2sQ6zPPZklNJT5GR5tE/MUarymmy8kCEf5xPCNCqVOA==}
    engines: {node: '>=18'}
    cpu: [ia32]
    os: [win32]

  '@esbuild/win32-x64@0.25.11':
    resolution: {integrity: sha512-D7Hpz6A2L4hzsRpPaCYkQnGOotdUpDzSGRIv9I+1ITdHROSFUWW95ZPZWQmGka1Fg7W3zFJowyn9WGwMJ0+KPA==}
    engines: {node: '>=18'}
    cpu: [x64]
    os: [win32]

  '@jridgewell/resolve-uri@3.1.2':
    resolution: {integrity: sha512-bRISgCIjP20/tbWSPWMEi54QVPRZExkuD9lJL+UIxUKtwVJA8wW1Trb1jMs1RFXo1CBTNZ/5hpC9QvmKWdopKw==}
    engines: {node: '>=6.0.0'}

  '@jridgewell/sourcemap-codec@1.5.5':
    resolution: {integrity: sha512-cYQ9310grqxueWbl+WuIUIaiUaDcj7WOq5fVhEljNVgRfOUhY9fy2zTvfoqWsnebh8Sl70VScFbICvJnLKB0Og==}

  '@jridgewell/trace-mapping@0.3.31':
    resolution: {integrity: sha512-zzNR+SdQSDJzc8joaeP8QQoCQr8NuYx2dIIytl1QeBEZHJ9uW6hebsrYgbz8hJwUQao3TWCMtmfV8Nu1twOLAw==}

  '@oxfmt/darwin-arm64@0.8.0':
    resolution: {integrity: sha512-rJBnT0JMrKb+MfuF9Kw5v6jQqCwdJv85C+++ZtZVe1zWlbrS2nNjGapcdtaocRxkOMb22axHQOrygGsSvsoWqg==}
    cpu: [arm64]
    os: [darwin]

  '@oxfmt/darwin-x64@0.8.0':
    resolution: {integrity: sha512-vtXjkHv6x2PY+3C0DS8hMjMuzd9/hI4xmSGOucVCo61bQW5NSJCCoxGLtQYqwvguZhQP6tGYZKvieUx1q9Lwkg==}
    cpu: [x64]
    os: [darwin]

  '@oxfmt/linux-arm64-gnu@0.8.0':
    resolution: {integrity: sha512-7WmWsOq38Uh2gPj8I0q+z+zsmCkh9+TUtaYzeNdOxBDKdIW/stYZ4RxHSwF3fBBAEyoUCMDpE7+6XFxWQ/vEBw==}
    cpu: [arm64]
    os: [linux]

  '@oxfmt/linux-arm64-musl@0.8.0':
    resolution: {integrity: sha512-7aUH1nnGIxHoJ9YLBZPuiN+t5VSgW3EahakYfLMY8lLQETXxhM9ScA7PQWL9g4PipMqk0+9DmOZOZMZQlijvMg==}
    cpu: [arm64]
    os: [linux]

  '@oxfmt/linux-x64-gnu@0.8.0':
    resolution: {integrity: sha512-Td/wqHiwMGnuFiQLXab0NqAQraWI6IsU/u3Yjw8rbVE+LSGaLt+XquZ9xDZdjgjtLp6bUaNZEgOYQFkVVjeDZw==}
    cpu: [x64]
    os: [linux]

  '@oxfmt/linux-x64-musl@0.8.0':
    resolution: {integrity: sha512-YB8KmXx7vNPVz8lRGYqhEpH40oXGWx5+FSSE6pr81LW4DqsjIE4MaBrrbcf0z0mMJD3/1dsWE4a2DsCsSeOl0g==}
    cpu: [x64]
    os: [linux]

  '@oxfmt/win32-arm64@0.8.0':
    resolution: {integrity: sha512-rbP7qAP8CtCPgb7qITSmoezXISI/fCHrWlshCHxGNsiusqcE+q4TjStRlMW8gABcorGlWYhDcjAiK9gy1OciZA==}
    cpu: [arm64]
    os: [win32]

  '@oxfmt/win32-x64@0.8.0':
    resolution: {integrity: sha512-naUwl9pvVxDw3D8qEZ+timkO6Z7EdkVKJO5OUA07f8MElQog7ODqDUGt4QH2fAajPVd9OYh7b3AJw3nPlr5+bA==}
    cpu: [x64]
    os: [win32]

  '@oxlint-tsgolint/darwin-arm64@0.2.1':
    resolution: {integrity: sha512-1cjcZkgpkWTfkFx111weVsvlnDG3+a7Y3qei+VCbr55LwKTHSzGq9tVNakIHRJ6NZfX7bQKYU4yef3p6AKoteg==}
    cpu: [arm64]
    os: [darwin]

  '@oxlint-tsgolint/darwin-x64@0.2.1':
    resolution: {integrity: sha512-Copd7aMOmL0aPUCBZnZBG1nHXOVnZnHT02okUnkNdwNAWUJw7thnhHln5yX4iLfCA4cky7iF3XXIVl+CRI/siQ==}
    cpu: [x64]
    os: [darwin]

  '@oxlint-tsgolint/linux-arm64@0.2.1':
    resolution: {integrity: sha512-MW6M2r/+cHbj01yKwRuQKwstKfY72wT/JCXI65rFPtRgN8JpuKUghOpaZpNs1oYfNNo308UTh41Dpfwl2k5weA==}
    cpu: [arm64]
    os: [linux]

  '@oxlint-tsgolint/linux-x64@0.2.1':
    resolution: {integrity: sha512-OacFTtQ8gso1c1za6lWdczFWXXo6djc7CFF3uKLfKwd2aHDkyC50Izkmv7MHwfAFtFdqSLcJKhF2VPExDmjKHg==}
    cpu: [x64]
    os: [linux]

  '@oxlint-tsgolint/win32-arm64@0.2.1':
    resolution: {integrity: sha512-Fq/vJqT4PgEWWIRP7wYSfK3DU7eEG9eOVOvIo72T6wCUrnAKDQsyUzh5bOVbTxWj/ujAc6CT7+GxdpOEueK0bw==}
    cpu: [arm64]
    os: [win32]

  '@oxlint-tsgolint/win32-x64@0.2.1':
    resolution: {integrity: sha512-Y6Fy4N7FCwxya+scCis+FokK5vWa9+Stb1Rw0x6VybhZpXFSGohBKmDTj6WUkoDyJ+Wl1FkArkAVQnoPP9uNRg==}
    cpu: [x64]
    os: [win32]

  '@oxlint/darwin-arm64@1.24.0':
    resolution: {integrity: sha512-1Kd2+Ai1ttskhbJR+DNU4Y4YEDyP/cd50nWt2rAe2aE78dMOalaVGps3s8UnJkXpDL9ZqkgOHVDE5Doj2lxatw==}
    cpu: [arm64]
    os: [darwin]

  '@oxlint/darwin-x64@1.24.0':
    resolution: {integrity: sha512-/R9VbnuTp7bLIBh6ucDHjx0po0wLQODLqzy+L/Frn5z4ifMVdE63DB+LHO8QAj+WEQleQq3u/MMms7RFPulCLA==}
    cpu: [x64]
    os: [darwin]

  '@oxlint/linux-arm64-gnu@1.24.0':
    resolution: {integrity: sha512-fA90bIQ1b44eNg0uULlTonqsADVIBnMz169mav6IhfZL9V6DpBCUWrV+8tEQCxbDvYC0WY1guBpPo2QWUnC/Dw==}
    cpu: [arm64]
    os: [linux]

  '@oxlint/linux-arm64-musl@1.24.0':
    resolution: {integrity: sha512-p7Bv9FTQ1lf4Z7OiIFwiy+cY2fxN6IJc0+2gJ4z2fpaQ0J2rQQcKdJ5RLQTxf+tAu7hyqjc6bf61EAGa9lb/GA==}
    cpu: [arm64]
    os: [linux]

  '@oxlint/linux-x64-gnu@1.24.0':
    resolution: {integrity: sha512-wIQOpTONiJ9pYPnLEq7UFuml8mpmSFTfUveNbT2rw9iXfj2nLMf7NIqGnUYQdvnnOi+maag9uei/WImXIm9LQQ==}
    cpu: [x64]
    os: [linux]

  '@oxlint/linux-x64-musl@1.24.0':
    resolution: {integrity: sha512-HxcDX/SpTH7yC/Rn2MinjSHZmNpn79yJkBid792DWjP9bo0CnlNXOXMPXsbm+WqptvqQ9yUPCxf7KascUvxLyQ==}
    cpu: [x64]
    os: [linux]

  '@oxlint/win32-arm64@1.24.0':
    resolution: {integrity: sha512-P1KtZ/xL+TcNTTmOtEsVrpqAdmpu2UCRAILjoqQyrYvI/CW6SdvoJfMBTntKOZaB52Peq2BHTgsYovON8q4FfQ==}
    cpu: [arm64]
    os: [win32]

  '@oxlint/win32-x64@1.24.0':
    resolution: {integrity: sha512-JMbMm7i1esFl12fRdOQwoeEeufWXxihOme8pZpI6jrwWK1kCIANMb5agI5Lkjf5vToQOP3DLXYc29aDm16fw6g==}
    cpu: [x64]
    os: [win32]

  '@rollup/rollup-android-arm-eabi@4.52.4':
    resolution: {integrity: sha512-BTm2qKNnWIQ5auf4deoetINJm2JzvihvGb9R6K/ETwKLql/Bb3Eg2H1FBp1gUb4YGbydMA3jcmQTR73q7J+GAA==}
    cpu: [arm]
    os: [android]

  '@rollup/rollup-android-arm64@4.52.4':
    resolution: {integrity: sha512-P9LDQiC5vpgGFgz7GSM6dKPCiqR3XYN1WwJKA4/BUVDjHpYsf3iBEmVz62uyq20NGYbiGPR5cNHI7T1HqxNs2w==}
    cpu: [arm64]
    os: [android]

  '@rollup/rollup-darwin-arm64@4.52.4':
    resolution: {integrity: sha512-QRWSW+bVccAvZF6cbNZBJwAehmvG9NwfWHwMy4GbWi/BQIA/laTIktebT2ipVjNncqE6GLPxOok5hsECgAxGZg==}
    cpu: [arm64]
    os: [darwin]

  '@rollup/rollup-darwin-x64@4.52.4':
    resolution: {integrity: sha512-hZgP05pResAkRJxL1b+7yxCnXPGsXU0fG9Yfd6dUaoGk+FhdPKCJ5L1Sumyxn8kvw8Qi5PvQ8ulenUbRjzeCTw==}
    cpu: [x64]
    os: [darwin]

  '@rollup/rollup-freebsd-arm64@4.52.4':
    resolution: {integrity: sha512-xmc30VshuBNUd58Xk4TKAEcRZHaXlV+tCxIXELiE9sQuK3kG8ZFgSPi57UBJt8/ogfhAF5Oz4ZSUBN77weM+mQ==}
    cpu: [arm64]
    os: [freebsd]

  '@rollup/rollup-freebsd-x64@4.52.4':
    resolution: {integrity: sha512-WdSLpZFjOEqNZGmHflxyifolwAiZmDQzuOzIq9L27ButpCVpD7KzTRtEG1I0wMPFyiyUdOO+4t8GvrnBLQSwpw==}
    cpu: [x64]
    os: [freebsd]

  '@rollup/rollup-linux-arm-gnueabihf@4.52.4':
    resolution: {integrity: sha512-xRiOu9Of1FZ4SxVbB0iEDXc4ddIcjCv2aj03dmW8UrZIW7aIQ9jVJdLBIhxBI+MaTnGAKyvMwPwQnoOEvP7FgQ==}
    cpu: [arm]
    os: [linux]

  '@rollup/rollup-linux-arm-musleabihf@4.52.4':
    resolution: {integrity: sha512-FbhM2p9TJAmEIEhIgzR4soUcsW49e9veAQCziwbR+XWB2zqJ12b4i/+hel9yLiD8pLncDH4fKIPIbt5238341Q==}
    cpu: [arm]
    os: [linux]

  '@rollup/rollup-linux-arm64-gnu@4.52.4':
    resolution: {integrity: sha512-4n4gVwhPHR9q/g8lKCyz0yuaD0MvDf7dV4f9tHt0C73Mp8h38UCtSCSE6R9iBlTbXlmA8CjpsZoujhszefqueg==}
    cpu: [arm64]
    os: [linux]

  '@rollup/rollup-linux-arm64-musl@4.52.4':
    resolution: {integrity: sha512-u0n17nGA0nvi/11gcZKsjkLj1QIpAuPFQbR48Subo7SmZJnGxDpspyw2kbpuoQnyK+9pwf3pAoEXerJs/8Mi9g==}
    cpu: [arm64]
    os: [linux]

  '@rollup/rollup-linux-loong64-gnu@4.52.4':
    resolution: {integrity: sha512-0G2c2lpYtbTuXo8KEJkDkClE/+/2AFPdPAbmaHoE870foRFs4pBrDehilMcrSScrN/fB/1HTaWO4bqw+ewBzMQ==}
    cpu: [loong64]
    os: [linux]

  '@rollup/rollup-linux-ppc64-gnu@4.52.4':
    resolution: {integrity: sha512-teSACug1GyZHmPDv14VNbvZFX779UqWTsd7KtTM9JIZRDI5NUwYSIS30kzI8m06gOPB//jtpqlhmraQ68b5X2g==}
    cpu: [ppc64]
    os: [linux]

  '@rollup/rollup-linux-riscv64-gnu@4.52.4':
    resolution: {integrity: sha512-/MOEW3aHjjs1p4Pw1Xk4+3egRevx8Ji9N6HUIA1Ifh8Q+cg9dremvFCUbOX2Zebz80BwJIgCBUemjqhU5XI5Eg==}
    cpu: [riscv64]
    os: [linux]

  '@rollup/rollup-linux-riscv64-musl@4.52.4':
    resolution: {integrity: sha512-1HHmsRyh845QDpEWzOFtMCph5Ts+9+yllCrREuBR/vg2RogAQGGBRC8lDPrPOMnrdOJ+mt1WLMOC2Kao/UwcvA==}
    cpu: [riscv64]
    os: [linux]

  '@rollup/rollup-linux-s390x-gnu@4.52.4':
    resolution: {integrity: sha512-seoeZp4L/6D1MUyjWkOMRU6/iLmCU2EjbMTyAG4oIOs1/I82Y5lTeaxW0KBfkUdHAWN7j25bpkt0rjnOgAcQcA==}
    cpu: [s390x]
    os: [linux]

  '@rollup/rollup-linux-x64-gnu@4.52.4':
    resolution: {integrity: sha512-Wi6AXf0k0L7E2gteNsNHUs7UMwCIhsCTs6+tqQ5GPwVRWMaflqGec4Sd8n6+FNFDw9vGcReqk2KzBDhCa1DLYg==}
    cpu: [x64]
    os: [linux]

  '@rollup/rollup-linux-x64-musl@4.52.4':
    resolution: {integrity: sha512-dtBZYjDmCQ9hW+WgEkaffvRRCKm767wWhxsFW3Lw86VXz/uJRuD438/XvbZT//B96Vs8oTA8Q4A0AfHbrxP9zw==}
    cpu: [x64]
    os: [linux]

  '@rollup/rollup-openharmony-arm64@4.52.4':
    resolution: {integrity: sha512-1ox+GqgRWqaB1RnyZXL8PD6E5f7YyRUJYnCqKpNzxzP0TkaUh112NDrR9Tt+C8rJ4x5G9Mk8PQR3o7Ku2RKqKA==}
    cpu: [arm64]
    os: [openharmony]

  '@rollup/rollup-win32-arm64-msvc@4.52.4':
    resolution: {integrity: sha512-8GKr640PdFNXwzIE0IrkMWUNUomILLkfeHjXBi/nUvFlpZP+FA8BKGKpacjW6OUUHaNI6sUURxR2U2g78FOHWQ==}
    cpu: [arm64]
    os: [win32]

  '@rollup/rollup-win32-ia32-msvc@4.52.4':
    resolution: {integrity: sha512-AIy/jdJ7WtJ/F6EcfOb2GjR9UweO0n43jNObQMb6oGxkYTfLcnN7vYYpG+CN3lLxrQkzWnMOoNSHTW54pgbVxw==}
    cpu: [ia32]
    os: [win32]

  '@rollup/rollup-win32-x64-gnu@4.52.4':
    resolution: {integrity: sha512-UF9KfsH9yEam0UjTwAgdK0anlQ7c8/pWPU2yVjyWcF1I1thABt6WXE47cI71pGiZ8wGvxohBoLnxM04L/wj8mQ==}
    cpu: [x64]
    os: [win32]

  '@rollup/rollup-win32-x64-msvc@4.52.4':
    resolution: {integrity: sha512-bf9PtUa0u8IXDVxzRToFQKsNCRz9qLYfR/MpECxl4mRoWYjAeFjgxj1XdZr2M/GNVpT05p+LgQOHopYDlUu6/w==}
    cpu: [x64]
    os: [win32]

  '@standard-schema/spec@1.0.0':
    resolution: {integrity: sha512-m2bOd0f2RT9k8QJx1JN85cZYyH1RqFBdlwtkSlf4tBDYLCiiZnv1fIIwacK6cqwXavOydf0NPToMQgpKq+dVlA==}

  '@types/chai@5.2.2':
    resolution: {integrity: sha512-8kB30R7Hwqf40JPiKhVzodJs2Qc1ZJ5zuT3uzw5Hq/dhNCl3G3l83jfpdI1e20BP348+fV7VIL/+FxaXkqBmWg==}

  '@types/deep-eql@4.0.2':
    resolution: {integrity: sha512-c9h9dVVMigMPc4bwTvC5dxqtqJZwQPePsWjPlpSOnojbor6pGqdk541lfA7AqFQr5pB1BRdq0juY9db81BwyFw==}

  '@types/estree@1.0.8':
    resolution: {integrity: sha512-dWHzHa2WqEXI/O1E9OjrocMTKJl2mSrEolh1Iomrv6U+JuNwaHXsXx9bLu5gG7BUWFIN0skIQJQ/L1rIex4X6w==}

  '@types/node@24.9.1':
    resolution: {integrity: sha512-QoiaXANRkSXK6p0Duvt56W208du4P9Uye9hWLWgGMDTEoKPhuenzNcC4vGUmrNkiOKTlIrBoyNQYNpSwfEZXSg==}

  '@types/selenium-webdriver@4.35.2':
    resolution: {integrity: sha512-jv2Ss30rJpgZgWgYKr8bDmVMu9JgeG7rxFlFP2bitbLIpFtjEEXrJlRImQ16+3lQ/GqIbSm9OMW7vEOK5mPlCA==}

  '@types/ws@8.18.1':
    resolution: {integrity: sha512-ThVF6DCVhA8kUGy+aazFQ4kXQ7E1Ty7A3ypFOe0IcJV8O/M511G99AW24irKrW56Wt44yG9+ij8FaqoBGkuBXg==}

  '@vitest/coverage-v8@4.0.1':
    resolution: {integrity: sha512-nmB+UVryiWQLC0pfPQ6KmJacew1ecpuKeUyiGbXtp1+KoYtCTAAlLI++8X/wJfzlULil+l/1jiWPreFnB1U5Mg==}
    peerDependencies:
      '@vitest/browser': 4.0.1
      vitest: 4.0.1
    peerDependenciesMeta:
      '@vitest/browser':
        optional: true

  '@vitest/expect@4.0.1':
    resolution: {integrity: sha512-KtvGLN/IWoZfg68JF2q/zbDEo+UJTWnc7suYJ8RF+ZTBeBcBz4NIOJDxO4Q3bEY9GsOYhgy5cOevcVPFh4+V7g==}

  '@vitest/mocker@4.0.1':
    resolution: {integrity: sha512-fwmvg8YvwSAE41Hyhul7dL4UzPhG+k2VaZCcL+aHagLx4qlNQgKYTw7coF4YdjAxSBBt0b408gQFYMX1Qeqweg==}
    peerDependencies:
      msw: ^2.4.9
      vite: ^6.0.0 || ^7.0.0-0
    peerDependenciesMeta:
      msw:
        optional: true
      vite:
        optional: true

  '@vitest/pretty-format@4.0.1':
    resolution: {integrity: sha512-6nq3JY/zQ91+oX1vd4fajiVNyA/HMhaF9cOw5P9cQi6ML7PRi7ilVaQ77PulF+4kvUKr9bcLm9GoAtwlVFbGzw==}

  '@vitest/runner@4.0.1':
    resolution: {integrity: sha512-nxUoWmw7ZX2OiSNwolJeSOOzrrR/o79wRTwP7HhiW/lDFwQHtWMj9snMhrdvccFqanvI8897E81eXjgDbrRvqA==}

  '@vitest/snapshot@4.0.1':
    resolution: {integrity: sha512-CvfsEWutEIN/Z9ScXYup7YwlPeK9JICrV7FN9p3pVytsyh+aCHAH0PUi//YlTiQ7T8qYxJYpUrAwZL9XqmZ5ZA==}

  '@vitest/spy@4.0.1':
    resolution: {integrity: sha512-Hj0/TBQ2EN72wDpfKiUf63mRCkE0ZiSGXGeDDvW9T3LBKVVApItd0GyQLDBIe03kWbyK9gOTEbJVVWthcLFzCg==}

  '@vitest/utils@4.0.1':
    resolution: {integrity: sha512-uRrACgpIz5sxuT87ml7xhh7EdKtW8k0N9oSFVBPl8gHB/JfLObLe9dXO6ZrsNN55FzciGIRqIEILgTQvg1eNHw==}

  ast-v8-to-istanbul@0.3.6:
    resolution: {integrity: sha512-9tx1z/7OF/a8EdYL3FKoBhxLf3h3D8fXvuSj0HknsVeli2HE40qbNZxyFhMtnydaRiamwFu9zhb+BsJ5tVPehQ==}

  chai@6.2.0:
    resolution: {integrity: sha512-aUTnJc/JipRzJrNADXVvpVqi6CO0dn3nx4EVPxijri+fj3LUUDyZQOgVeW54Ob3Y1Xh9Iz8f+CgaCl8v0mn9bA==}
    engines: {node: '>=18'}

  core-util-is@1.0.3:
    resolution: {integrity: sha512-ZQBvi1DcpJ4GDqanjucZ2Hj3wEO5pZDS89BWbkcrvdxksJorwUDDZamX9ldFkp9aw2lmBDLgkObEA4DWNJ9FYQ==}

  debug@4.4.3:
    resolution: {integrity: sha512-RGwwWnwQvkVfavKVt22FGLw+xYSdzARwm0ru6DhTVA3umU5hZc28V3kO4stgYryrTlLpuvgI9GiijltAjNbcqA==}
    engines: {node: '>=6.0'}
    peerDependencies:
      supports-color: '*'
    peerDependenciesMeta:
      supports-color:
        optional: true

  es-module-lexer@1.7.0:
    resolution: {integrity: sha512-jEQoCwk8hyb2AZziIOLhDqpm5+2ww5uIE6lkO/6jcOCusfk6LhMHpXXfBLXTZ7Ydyt0j4VoUQv6uGNYbdW+kBA==}

  esbuild@0.25.11:
    resolution: {integrity: sha512-KohQwyzrKTQmhXDW1PjCv3Tyspn9n5GcY2RTDqeORIdIJY8yKIF7sTSopFmn/wpMPW4rdPXI0UE5LJLuq3bx0Q==}
    engines: {node: '>=18'}
    hasBin: true

  estree-walker@3.0.3:
    resolution: {integrity: sha512-7RUKfXgSMMkzt6ZuXmqapOurLGPPfgj6l9uRZ7lRGolvk0y2yocc35LdcxKC5PQZdn2DMqioAQ2NoWcrTKmm6g==}

  expect-type@1.2.2:
    resolution: {integrity: sha512-JhFGDVJ7tmDJItKhYgJCGLOWjuK9vPxiXoUFLwLDc99NlmklilbiQJwoctZtt13+xMw91MCk/REan6MWHqDjyA==}
    engines: {node: '>=12.0.0'}

  fdir@6.5.0:
    resolution: {integrity: sha512-tIbYtZbucOs0BRGqPJkshJUYdL+SDH7dVM8gjy+ERp3WAUjLEFJE+02kanyHtwjWOnwrKYBiwAmM0p4kLJAnXg==}
    engines: {node: '>=12.0.0'}
    peerDependencies:
      picomatch: ^3 || ^4
    peerDependenciesMeta:
      picomatch:
        optional: true

  fsevents@2.3.3:
    resolution: {integrity: sha512-5xoDfX+fL7faATnagmWPpbFtwh/R77WmMMqqHGS65C3vvB0YHrgF+B1YmZ3441tMj5n63k0212XNoJwzlhffQw==}
    engines: {node: ^8.16.0 || ^10.6.0 || >=11.0.0}
    os: [darwin]

  has-flag@4.0.0:
    resolution: {integrity: sha512-EykJT/Q1KjTWctppgIAgfSO0tKVuZUjhgMr17kqTumMl6Afv3EISleU7qZUzoXDFTAHTDC4NOoG/ZxU3EvlMPQ==}
    engines: {node: '>=8'}

  html-escaper@2.0.2:
    resolution: {integrity: sha512-H2iMtd0I4Mt5eYiapRdIDjp+XzelXQ0tFE4JS7YFwFevXXMmOp9myNrUvCg0D6ws8iqkRPBfKHgbwig1SmlLfg==}

  immediate@3.0.6:
    resolution: {integrity: sha512-XXOFtyqDjNDAQxVfYxuF7g9Il/IbWmmlQg2MYKOH8ExIT1qg6xc4zyS3HaEEATgs1btfzxq15ciUiY7gjSXRGQ==}

  inherits@2.0.4:
    resolution: {integrity: sha512-k/vGaX4/Yla3WzyMCvTQOXYeIHvqOKtnqBduzTHpzpQZzAskKMhZ2K+EnBiSM9zGSoIFeMpXKxa4dYeZIQqewQ==}

  isarray@1.0.0:
    resolution: {integrity: sha512-VLghIWNM6ELQzo7zwmcg0NmTVyWKYjvIeM83yjp0wRDTmUnrM678fQbcKBo6n2CJEF0szoG//ytg+TKla89ALQ==}

  istanbul-lib-coverage@3.2.2:
    resolution: {integrity: sha512-O8dpsF+r0WV/8MNRKfnmrtCWhuKjxrq2w+jpzBL5UZKTi2LeVWnWOmWRxFlesJONmc+wLAGvKQZEOanko0LFTg==}
    engines: {node: '>=8'}

  istanbul-lib-report@3.0.1:
    resolution: {integrity: sha512-GCfE1mtsHGOELCU8e/Z7YWzpmybrx/+dSTfLrvY8qRmaY6zXTKWn6WQIjaAFw069icm6GVMNkgu0NzI4iPZUNw==}
    engines: {node: '>=10'}

  istanbul-lib-source-maps@5.0.6:
    resolution: {integrity: sha512-yg2d+Em4KizZC5niWhQaIomgf5WlL4vOOjZ5xGCmF8SnPE/mDWWXgvRExdcpCgh9lLRRa1/fSYp2ymmbJ1pI+A==}
    engines: {node: '>=10'}

  istanbul-reports@3.2.0:
    resolution: {integrity: sha512-HGYWWS/ehqTV3xN10i23tkPkpH46MLCIMFNCaaKNavAXTF1RkqxawEPtnjnGZ6XKSInBKkiOA5BKS+aZiY3AvA==}
    engines: {node: '>=8'}

  js-tokens@9.0.1:
    resolution: {integrity: sha512-mxa9E9ITFOt0ban3j6L5MpjwegGz6lBQmM1IJkWeBZGcMxto50+eWdjC/52xDbS2vy0k7vIMK0Fe2wfL9OQSpQ==}

  jszip@3.10.1:
    resolution: {integrity: sha512-xXDvecyTpGLrqFrvkrUSoxxfJI5AH7U8zxxtVclpsUtMCq4JQ290LY8AW5c7Ggnr/Y/oK+bQMbqK2qmtk3pN4g==}

  lie@3.3.0:
    resolution: {integrity: sha512-UaiMJzeWRlEujzAuw5LokY1L5ecNQYZKfmyZ9L7wDHb/p5etKaxXhohBcrw0EYby+G/NA52vRSN4N39dxHAIwQ==}

  magic-string@0.30.19:
    resolution: {integrity: sha512-2N21sPY9Ws53PZvsEpVtNuSW+ScYbQdp4b9qUaL+9QkHUrGFKo56Lg9Emg5s9V/qrtNBmiR01sYhUOwu3H+VOw==}

  magicast@0.3.5:
    resolution: {integrity: sha512-L0WhttDl+2BOsybvEOLK7fW3UA0OQ0IQ2d6Zl2x/a6vVRs3bAY0ECOSHHeL5jD+SbOpOCUEi0y1DgHEn9Qn1AQ==}

  make-dir@4.0.0:
    resolution: {integrity: sha512-hXdUTZYIVOt1Ex//jAQi+wTZZpUpwBj/0QsOzqegb3rGMMeJiSEu5xLHnYfBrRV4RH2+OCSOO95Is/7x1WJ4bw==}
    engines: {node: '>=10'}

  ms@2.1.3:
    resolution: {integrity: sha512-6FlzubTLZG3J2a/NVCAleEhjzq5oxgHyaCU9yYXvcLsvoVaHJq/s5xXI6/XXP6tz7R9xAOtHnSO/tXtF3WRTlA==}

  nanoid@3.3.11:
    resolution: {integrity: sha512-N8SpfPUnUp1bK+PMYW8qSWdl9U+wwNWI4QKxOYDy9JAro3WMX7p2OeVRF9v+347pnakNevPmiHhNmZ2HbFA76w==}
    engines: {node: ^10 || ^12 || ^13.7 || ^14 || >=15.0.1}
    hasBin: true

  oxfmt@0.8.0:
    resolution: {integrity: sha512-apqVXMgg4sO6+f51kn3oNBUXflgQ1SxmcKtq/XpRYLi7BDwsl06kkY7fkxDwxyPRDWikd/0/2gX72eT0E0mseg==}
    engines: {node: ^20.19.0 || >=22.12.0}
    hasBin: true

  oxlint-tsgolint@0.2.1:
    resolution: {integrity: sha512-Z5tZw9nilmLo+EukScIhGZSVRasjyCCUQrDlX5CoJNqbnv/mlo+mnTmiEN4cmJeKMwHSHSvgAaDn+0gfHAv24w==}
    hasBin: true

  oxlint@1.24.0:
    resolution: {integrity: sha512-swXlnHT7ywcCApkctIbgOSjDYHwMa12yMU0iXevfDuHlYkRUcbQrUv6nhM5v6B0+Be3zTBMNDGPAMQv0oznzRQ==}
    engines: {node: ^20.19.0 || >=22.12.0}
    hasBin: true
    peerDependencies:
      oxlint-tsgolint: '>=0.2.0'
    peerDependenciesMeta:
      oxlint-tsgolint:
        optional: true

  pako@1.0.11:
    resolution: {integrity: sha512-4hLB8Py4zZce5s4yd9XzopqwVv/yGNhV1Bl8NTmCq1763HeK2+EwVTv+leGeL13Dnh2wfbqowVPXCIO0z4taYw==}

  pathe@2.0.3:
    resolution: {integrity: sha512-WUjGcAqP1gQacoQe+OBJsFA7Ld4DyXuUIjZ5cc75cLHvJ7dtNsTugphxIADwspS+AraAUePCKrSVtPLFj/F88w==}

  picocolors@1.1.1:
    resolution: {integrity: sha512-xceH2snhtb5M9liqDsmEw56le376mTZkEX/jEb/RxNFyegNul7eNslCXP9FDj/Lcu0X8KEyMceP2ntpaHrDEVA==}

  picomatch@4.0.3:
    resolution: {integrity: sha512-5gTmgEY/sqK6gFXLIsQNH19lWb4ebPDLA4SdLP7dsWkIXHWlG66oPuVvXSGFPppYZz8ZDZq0dYYrbHfBCVUb1Q==}
    engines: {node: '>=12'}

  postcss@8.5.6:
    resolution: {integrity: sha512-3Ybi1tAuwAP9s0r1UQ2J4n5Y0G05bJkpUIO0/bI9MhwmD70S5aTWbXGBwxHrelT+XM1k6dM0pk+SwNkpTRN7Pg==}
    engines: {node: ^10 || ^12 || >=14}

  process-nextick-args@2.0.1:
    resolution: {integrity: sha512-3ouUOpQhtgrbOa17J7+uxOTpITYWaGP7/AhoR3+A+/1e9skrzelGi/dXzEYyvbxubEF6Wn2ypscTKiKJFFn1ag==}

  readable-stream@2.3.8:
    resolution: {integrity: sha512-8p0AUk4XODgIewSi0l8Epjs+EVnWiK7NoDIEGU0HhE7+ZyY8D1IMY7odu5lRrFXGg71L15KG8QrPmum45RTtdA==}

  rollup@4.52.4:
    resolution: {integrity: sha512-CLEVl+MnPAiKh5pl4dEWSyMTpuflgNQiLGhMv8ezD5W/qP8AKvmYpCOKRRNOh7oRKnauBZ4SyeYkMS+1VSyKwQ==}
    engines: {node: '>=18.0.0', npm: '>=8.0.0'}
    hasBin: true

  safe-buffer@5.1.2:
    resolution: {integrity: sha512-Gd2UZBJDkXlY7GbJxfsE8/nvKkUEU1G38c1siN6QP6a9PT9MmHB8GnpscSmMJSoF8LOIrt8ud/wPtojys4G6+g==}

  selenium-webdriver@4.37.0:
    resolution: {integrity: sha512-eHwfYyudXRrMvBocqMwzvYhWWvpYuWcNXwu3IRtMZUci930zMVr6mVDCiMSDWpqBe5B+Rh/IVY7l9xoqNK8usw==}
    engines: {node: '>= 20.0.0'}

  semver@7.7.3:
    resolution: {integrity: sha512-SdsKMrI9TdgjdweUSR9MweHA4EJ8YxHn8DFaDisvhVlUOe4BF1tLD7GAj0lIqWVl+dPb/rExr0Btby5loQm20Q==}
    engines: {node: '>=10'}
    hasBin: true

  setimmediate@1.0.5:
    resolution: {integrity: sha512-MATJdZp8sLqDl/68LfQmbP8zKPLQNV6BIZoIgrscFDQ+RsvK/BxeDQOgyxKKoh0y/8h3BqVFnCqQ/gd+reiIXA==}

  siginfo@2.0.0:
    resolution: {integrity: sha512-ybx0WO1/8bSBLEWXZvEd7gMW3Sn3JFlW3TvX1nREbDLRNQNaeNN8WK0meBwPdAaOI7TtRRRJn/Es1zhrrCHu7g==}

  source-map-js@1.2.1:
    resolution: {integrity: sha512-UXWMKhLOwVKb728IUtQPXxfYU+usdybtUrK/8uGE8CQMvrhOpwvzDBwj0QhSL7MQc7vIsISBG8VQ8+IDQxpfQA==}
    engines: {node: '>=0.10.0'}

  stackback@0.0.2:
    resolution: {integrity: sha512-1XMJE5fQo1jGH6Y/7ebnwPOBEkIEnT4QF32d5R1+VXdXveM0IBMJt8zfaxX1P3QhVwrYe+576+jkANtSS2mBbw==}

  std-env@3.10.0:
    resolution: {integrity: sha512-5GS12FdOZNliM5mAOxFRg7Ir0pWz8MdpYm6AY6VPkGpbA7ZzmbzNcBJQ0GPvvyWgcY7QAhCgf9Uy89I03faLkg==}

  string_decoder@1.1.1:
    resolution: {integrity: sha512-n/ShnvDi6FHbbVfviro+WojiFzv+s8MPMHBczVePfUpDJLwoLT0ht1l4YwBCbi8pJAveEEdnkHyPyTP/mzRfwg==}

  supports-color@7.2.0:
    resolution: {integrity: sha512-qpCAvRl9stuOHveKsn7HncJRvv501qIacKzQlO/+Lwxc9+0q2wLyv4Dfvt80/DPn2pqOBsJdDiogXGR9+OvwRw==}
    engines: {node: '>=8'}

  tinybench@2.9.0:
    resolution: {integrity: sha512-0+DUvqWMValLmha6lr4kD8iAMK1HzV0/aKnCtWb9v9641TnP/MFb7Pc2bxoxQjTXAErryXVgUOfv2YqNllqGeg==}

  tinyexec@0.3.2:
    resolution: {integrity: sha512-KQQR9yN7R5+OSwaK0XQoj22pwHoTlgYqmUscPYoknOoWCWfj/5/ABTMRi69FrKU5ffPVh5QcFikpWJI/P1ocHA==}

  tinyglobby@0.2.15:
    resolution: {integrity: sha512-j2Zq4NyQYG5XMST4cbs02Ak8iJUdxRM0XI5QyxXuZOzKOINmWurp3smXu3y5wDcJrptwpSjgXHzIQxR0omXljQ==}
    engines: {node: '>=12.0.0'}

  tinyrainbow@3.0.3:
    resolution: {integrity: sha512-PSkbLUoxOFRzJYjjxHJt9xro7D+iilgMX/C9lawzVuYiIdcihh9DXmVibBe8lmcFrRi/VzlPjBxbN7rH24q8/Q==}
    engines: {node: '>=14.0.0'}

  tmp@0.2.5:
    resolution: {integrity: sha512-voyz6MApa1rQGUxT3E+BK7/ROe8itEx7vD8/HEvt4xwXucvQ5G5oeEiHkmHZJuBO21RpOf+YYm9MOivj709jow==}
    engines: {node: '>=14.14'}

  typescript@5.9.3:
    resolution: {integrity: sha512-jl1vZzPDinLr9eUt3J/t7V6FgNEw9QjvBPdysz9KfQDD41fQrC2Y4vKQdiaUpFT4bXlb1RHhLpp8wtm6M5TgSw==}
    engines: {node: '>=14.17'}
    hasBin: true

  undici-types@7.16.0:
    resolution: {integrity: sha512-Zz+aZWSj8LE6zoxD+xrjh4VfkIG8Ya6LvYkZqtUQGJPZjYl53ypCaUwWqo7eI0x66KBGeRo+mlBEkMSeSZ38Nw==}

  util-deprecate@1.0.2:
    resolution: {integrity: sha512-EPD5q1uXyFxJpCrLnCc1nHnq3gOa6DZBocAIiI2TaSCA7VCJ1UJDMagCzIkXNsUYfD1daK//LTEQ8xiIbrHtcw==}

  vite@7.1.11:
    resolution: {integrity: sha512-uzcxnSDVjAopEUjljkWh8EIrg6tlzrjFUfMcR1EVsRDGwf/ccef0qQPRyOrROwhrTDaApueq+ja+KLPlzR/zdg==}
    engines: {node: ^20.19.0 || >=22.12.0}
    hasBin: true
    peerDependencies:
      '@types/node': ^20.19.0 || >=22.12.0
      jiti: '>=1.21.0'
      less: ^4.0.0
      lightningcss: ^1.21.0
      sass: ^1.70.0
      sass-embedded: ^1.70.0
      stylus: '>=0.54.8'
      sugarss: ^5.0.0
      terser: ^5.16.0
      tsx: ^4.8.1
      yaml: ^2.4.2
    peerDependenciesMeta:
      '@types/node':
        optional: true
      jiti:
        optional: true
      less:
        optional: true
      lightningcss:
        optional: true
      sass:
        optional: true
      sass-embedded:
        optional: true
      stylus:
        optional: true
      sugarss:
        optional: true
      terser:
        optional: true
      tsx:
        optional: true
      yaml:
        optional: true

  vitest@4.0.1:
    resolution: {integrity: sha512-4rwTfUNF0MExMZBiNirkzZpeyUZGOs3JD76N2qHNP9i6w6/bff7MRv2I9yFJKd1ICxzn2igpra+E4t9o2EfQhw==}
    engines: {node: ^20.0.0 || ^22.0.0 || >=24.0.0}
    hasBin: true
    peerDependencies:
      '@edge-runtime/vm': '*'
      '@types/debug': ^4.1.12
      '@types/node': ^20.0.0 || ^22.0.0 || >=24.0.0
      '@vitest/browser-playwright': 4.0.1
      '@vitest/browser-preview': 4.0.1
      '@vitest/browser-webdriverio': 4.0.1
      '@vitest/ui': 4.0.1
      happy-dom: '*'
      jsdom: '*'
    peerDependenciesMeta:
      '@edge-runtime/vm':
        optional: true
      '@types/debug':
        optional: true
      '@types/node':
        optional: true
      '@vitest/browser-playwright':
        optional: true
      '@vitest/browser-preview':
        optional: true
      '@vitest/browser-webdriverio':
        optional: true
      '@vitest/ui':
        optional: true
      happy-dom:
        optional: true
      jsdom:
        optional: true

  why-is-node-running@2.3.0:
    resolution: {integrity: sha512-hUrmaWBdVDcxvYqnyh09zunKzROWjbZTiNy8dBEjkS7ehEDQibXJ7XvlmtbwuTclUiIyN+CyXQD4Vmko8fNm8w==}
    engines: {node: '>=8'}
    hasBin: true

  ws@8.18.3:
    resolution: {integrity: sha512-PEIGCY5tSlUt50cqyMXfCzX+oOPqN0vuGqWzbcJ2xvnkzkq46oOpz7dQaTDBdfICb4N14+GARUDw2XV2N4tvzg==}
    engines: {node: '>=10.0.0'}
    peerDependencies:
      bufferutil: ^4.0.1
      utf-8-validate: '>=5.0.2'
    peerDependenciesMeta:
      bufferutil:
        optional: true
      utf-8-validate:
        optional: true

snapshots:

  '@babel/helper-string-parser@7.27.1': {}

  '@babel/helper-validator-identifier@7.27.1': {}

  '@babel/parser@7.28.4':
    dependencies:
      '@babel/types': 7.28.4

  '@babel/types@7.28.4':
    dependencies:
      '@babel/helper-string-parser': 7.27.1
      '@babel/helper-validator-identifier': 7.27.1

  '@bazel/runfiles@6.5.0': {}

  '@bcoe/v8-coverage@1.0.2': {}

  '@esbuild/aix-ppc64@0.25.11':
    optional: true

  '@esbuild/android-arm64@0.25.11':
    optional: true

  '@esbuild/android-arm@0.25.11':
    optional: true

  '@esbuild/android-x64@0.25.11':
    optional: true

  '@esbuild/darwin-arm64@0.25.11':
    optional: true

  '@esbuild/darwin-x64@0.25.11':
    optional: true

  '@esbuild/freebsd-arm64@0.25.11':
    optional: true

  '@esbuild/freebsd-x64@0.25.11':
    optional: true

  '@esbuild/linux-arm64@0.25.11':
    optional: true

  '@esbuild/linux-arm@0.25.11':
    optional: true

  '@esbuild/linux-ia32@0.25.11':
    optional: true

  '@esbuild/linux-loong64@0.25.11':
    optional: true

  '@esbuild/linux-mips64el@0.25.11':
    optional: true

  '@esbuild/linux-ppc64@0.25.11':
    optional: true

  '@esbuild/linux-riscv64@0.25.11':
    optional: true

  '@esbuild/linux-s390x@0.25.11':
    optional: true

  '@esbuild/linux-x64@0.25.11':
    optional: true

  '@esbuild/netbsd-arm64@0.25.11':
    optional: true

  '@esbuild/netbsd-x64@0.25.11':
    optional: true

  '@esbuild/openbsd-arm64@0.25.11':
    optional: true

  '@esbuild/openbsd-x64@0.25.11':
    optional: true

  '@esbuild/openharmony-arm64@0.25.11':
    optional: true

  '@esbuild/sunos-x64@0.25.11':
    optional: true

  '@esbuild/win32-arm64@0.25.11':
    optional: true

  '@esbuild/win32-ia32@0.25.11':
    optional: true

  '@esbuild/win32-x64@0.25.11':
    optional: true

  '@jridgewell/resolve-uri@3.1.2': {}

  '@jridgewell/sourcemap-codec@1.5.5': {}

  '@jridgewell/trace-mapping@0.3.31':
    dependencies:
      '@jridgewell/resolve-uri': 3.1.2
      '@jridgewell/sourcemap-codec': 1.5.5

  '@oxfmt/darwin-arm64@0.8.0':
    optional: true

  '@oxfmt/darwin-x64@0.8.0':
    optional: true

  '@oxfmt/linux-arm64-gnu@0.8.0':
    optional: true

  '@oxfmt/linux-arm64-musl@0.8.0':
    optional: true

  '@oxfmt/linux-x64-gnu@0.8.0':
    optional: true

  '@oxfmt/linux-x64-musl@0.8.0':
    optional: true

  '@oxfmt/win32-arm64@0.8.0':
    optional: true

  '@oxfmt/win32-x64@0.8.0':
    optional: true

  '@oxlint-tsgolint/darwin-arm64@0.2.1':
    optional: true

  '@oxlint-tsgolint/darwin-x64@0.2.1':
    optional: true

  '@oxlint-tsgolint/linux-arm64@0.2.1':
    optional: true

  '@oxlint-tsgolint/linux-x64@0.2.1':
    optional: true

  '@oxlint-tsgolint/win32-arm64@0.2.1':
    optional: true

  '@oxlint-tsgolint/win32-x64@0.2.1':
    optional: true

  '@oxlint/darwin-arm64@1.24.0':
    optional: true

  '@oxlint/darwin-x64@1.24.0':
    optional: true

  '@oxlint/linux-arm64-gnu@1.24.0':
    optional: true

  '@oxlint/linux-arm64-musl@1.24.0':
    optional: true

  '@oxlint/linux-x64-gnu@1.24.0':
    optional: true

  '@oxlint/linux-x64-musl@1.24.0':
    optional: true

  '@oxlint/win32-arm64@1.24.0':
    optional: true

  '@oxlint/win32-x64@1.24.0':
    optional: true

  '@rollup/rollup-android-arm-eabi@4.52.4':
    optional: true

  '@rollup/rollup-android-arm64@4.52.4':
    optional: true

  '@rollup/rollup-darwin-arm64@4.52.4':
    optional: true

  '@rollup/rollup-darwin-x64@4.52.4':
    optional: true

  '@rollup/rollup-freebsd-arm64@4.52.4':
    optional: true

  '@rollup/rollup-freebsd-x64@4.52.4':
    optional: true

  '@rollup/rollup-linux-arm-gnueabihf@4.52.4':
    optional: true

  '@rollup/rollup-linux-arm-musleabihf@4.52.4':
    optional: true

  '@rollup/rollup-linux-arm64-gnu@4.52.4':
    optional: true

  '@rollup/rollup-linux-arm64-musl@4.52.4':
    optional: true

  '@rollup/rollup-linux-loong64-gnu@4.52.4':
    optional: true

  '@rollup/rollup-linux-ppc64-gnu@4.52.4':
    optional: true

  '@rollup/rollup-linux-riscv64-gnu@4.52.4':
    optional: true

  '@rollup/rollup-linux-riscv64-musl@4.52.4':
    optional: true

  '@rollup/rollup-linux-s390x-gnu@4.52.4':
    optional: true

  '@rollup/rollup-linux-x64-gnu@4.52.4':
    optional: true

  '@rollup/rollup-linux-x64-musl@4.52.4':
    optional: true

  '@rollup/rollup-openharmony-arm64@4.52.4':
    optional: true

  '@rollup/rollup-win32-arm64-msvc@4.52.4':
    optional: true

  '@rollup/rollup-win32-ia32-msvc@4.52.4':
    optional: true

  '@rollup/rollup-win32-x64-gnu@4.52.4':
    optional: true

  '@rollup/rollup-win32-x64-msvc@4.52.4':
    optional: true

  '@standard-schema/spec@1.0.0': {}

  '@types/chai@5.2.2':
    dependencies:
      '@types/deep-eql': 4.0.2

  '@types/deep-eql@4.0.2': {}

  '@types/estree@1.0.8': {}

  '@types/node@24.9.1':
    dependencies:
      undici-types: 7.16.0

  '@types/selenium-webdriver@4.35.2':
    dependencies:
      '@types/node': 24.9.1
      '@types/ws': 8.18.1

  '@types/ws@8.18.1':
    dependencies:
      '@types/node': 24.9.1

  '@vitest/coverage-v8@4.0.1(vitest@4.0.1(@types/node@24.9.1))':
    dependencies:
      '@bcoe/v8-coverage': 1.0.2
      '@vitest/utils': 4.0.1
      ast-v8-to-istanbul: 0.3.6
      debug: 4.4.3
      istanbul-lib-coverage: 3.2.2
      istanbul-lib-report: 3.0.1
      istanbul-lib-source-maps: 5.0.6
      istanbul-reports: 3.2.0
      magicast: 0.3.5
      std-env: 3.10.0
      tinyrainbow: 3.0.3
      vitest: 4.0.1(@types/node@24.9.1)
    transitivePeerDependencies:
      - supports-color

  '@vitest/expect@4.0.1':
    dependencies:
      '@standard-schema/spec': 1.0.0
      '@types/chai': 5.2.2
      '@vitest/spy': 4.0.1
      '@vitest/utils': 4.0.1
      chai: 6.2.0
      tinyrainbow: 3.0.3

  '@vitest/mocker@4.0.1(vite@7.1.11(@types/node@24.9.1))':
    dependencies:
      '@vitest/spy': 4.0.1
      estree-walker: 3.0.3
      magic-string: 0.30.19
    optionalDependencies:
      vite: 7.1.11(@types/node@24.9.1)

  '@vitest/pretty-format@4.0.1':
    dependencies:
      tinyrainbow: 3.0.3

  '@vitest/runner@4.0.1':
    dependencies:
      '@vitest/utils': 4.0.1
      pathe: 2.0.3

  '@vitest/snapshot@4.0.1':
    dependencies:
      '@vitest/pretty-format': 4.0.1
      magic-string: 0.30.19
      pathe: 2.0.3

  '@vitest/spy@4.0.1': {}

  '@vitest/utils@4.0.1':
    dependencies:
      '@vitest/pretty-format': 4.0.1
      tinyrainbow: 3.0.3

  ast-v8-to-istanbul@0.3.6:
    dependencies:
      '@jridgewell/trace-mapping': 0.3.31
      estree-walker: 3.0.3
      js-tokens: 9.0.1

  chai@6.2.0: {}

  core-util-is@1.0.3: {}

  debug@4.4.3:
    dependencies:
      ms: 2.1.3

  es-module-lexer@1.7.0: {}

  esbuild@0.25.11:
    optionalDependencies:
      '@esbuild/aix-ppc64': 0.25.11
      '@esbuild/android-arm': 0.25.11
      '@esbuild/android-arm64': 0.25.11
      '@esbuild/android-x64': 0.25.11
      '@esbuild/darwin-arm64': 0.25.11
      '@esbuild/darwin-x64': 0.25.11
      '@esbuild/freebsd-arm64': 0.25.11
      '@esbuild/freebsd-x64': 0.25.11
      '@esbuild/linux-arm': 0.25.11
      '@esbuild/linux-arm64': 0.25.11
      '@esbuild/linux-ia32': 0.25.11
      '@esbuild/linux-loong64': 0.25.11
      '@esbuild/linux-mips64el': 0.25.11
      '@esbuild/linux-ppc64': 0.25.11
      '@esbuild/linux-riscv64': 0.25.11
      '@esbuild/linux-s390x': 0.25.11
      '@esbuild/linux-x64': 0.25.11
      '@esbuild/netbsd-arm64': 0.25.11
      '@esbuild/netbsd-x64': 0.25.11
      '@esbuild/openbsd-arm64': 0.25.11
      '@esbuild/openbsd-x64': 0.25.11
      '@esbuild/openharmony-arm64': 0.25.11
      '@esbuild/sunos-x64': 0.25.11
      '@esbuild/win32-arm64': 0.25.11
      '@esbuild/win32-ia32': 0.25.11
      '@esbuild/win32-x64': 0.25.11

  estree-walker@3.0.3:
    dependencies:
      '@types/estree': 1.0.8

  expect-type@1.2.2: {}

  fdir@6.5.0(picomatch@4.0.3):
    optionalDependencies:
      picomatch: 4.0.3

  fsevents@2.3.3:
    optional: true

  has-flag@4.0.0: {}

  html-escaper@2.0.2: {}

  immediate@3.0.6: {}

  inherits@2.0.4: {}

  isarray@1.0.0: {}

  istanbul-lib-coverage@3.2.2: {}

  istanbul-lib-report@3.0.1:
    dependencies:
      istanbul-lib-coverage: 3.2.2
      make-dir: 4.0.0
      supports-color: 7.2.0

  istanbul-lib-source-maps@5.0.6:
    dependencies:
      '@jridgewell/trace-mapping': 0.3.31
      debug: 4.4.3
      istanbul-lib-coverage: 3.2.2
    transitivePeerDependencies:
      - supports-color

  istanbul-reports@3.2.0:
    dependencies:
      html-escaper: 2.0.2
      istanbul-lib-report: 3.0.1

  js-tokens@9.0.1: {}

  jszip@3.10.1:
    dependencies:
      lie: 3.3.0
      pako: 1.0.11
      readable-stream: 2.3.8
      setimmediate: 1.0.5

  lie@3.3.0:
    dependencies:
      immediate: 3.0.6

  magic-string@0.30.19:
    dependencies:
      '@jridgewell/sourcemap-codec': 1.5.5

  magicast@0.3.5:
    dependencies:
      '@babel/parser': 7.28.4
      '@babel/types': 7.28.4
      source-map-js: 1.2.1

  make-dir@4.0.0:
    dependencies:
      semver: 7.7.3

  ms@2.1.3: {}

  nanoid@3.3.11: {}

  oxfmt@0.8.0:
    optionalDependencies:
      '@oxfmt/darwin-arm64': 0.8.0
      '@oxfmt/darwin-x64': 0.8.0
      '@oxfmt/linux-arm64-gnu': 0.8.0
      '@oxfmt/linux-arm64-musl': 0.8.0
      '@oxfmt/linux-x64-gnu': 0.8.0
      '@oxfmt/linux-x64-musl': 0.8.0
      '@oxfmt/win32-arm64': 0.8.0
      '@oxfmt/win32-x64': 0.8.0

  oxlint-tsgolint@0.2.1:
    optionalDependencies:
      '@oxlint-tsgolint/darwin-arm64': 0.2.1
      '@oxlint-tsgolint/darwin-x64': 0.2.1
      '@oxlint-tsgolint/linux-arm64': 0.2.1
      '@oxlint-tsgolint/linux-x64': 0.2.1
      '@oxlint-tsgolint/win32-arm64': 0.2.1
      '@oxlint-tsgolint/win32-x64': 0.2.1

  oxlint@1.24.0(oxlint-tsgolint@0.2.1):
    optionalDependencies:
      '@oxlint/darwin-arm64': 1.24.0
      '@oxlint/darwin-x64': 1.24.0
      '@oxlint/linux-arm64-gnu': 1.24.0
      '@oxlint/linux-arm64-musl': 1.24.0
      '@oxlint/linux-x64-gnu': 1.24.0
      '@oxlint/linux-x64-musl': 1.24.0
      '@oxlint/win32-arm64': 1.24.0
      '@oxlint/win32-x64': 1.24.0
      oxlint-tsgolint: 0.2.1

  pako@1.0.11: {}

  pathe@2.0.3: {}

  picocolors@1.1.1: {}

  picomatch@4.0.3: {}

  postcss@8.5.6:
    dependencies:
      nanoid: 3.3.11
      picocolors: 1.1.1
      source-map-js: 1.2.1

  process-nextick-args@2.0.1: {}

  readable-stream@2.3.8:
    dependencies:
      core-util-is: 1.0.3
      inherits: 2.0.4
      isarray: 1.0.0
      process-nextick-args: 2.0.1
      safe-buffer: 5.1.2
      string_decoder: 1.1.1
      util-deprecate: 1.0.2

  rollup@4.52.4:
    dependencies:
      '@types/estree': 1.0.8
    optionalDependencies:
      '@rollup/rollup-android-arm-eabi': 4.52.4
      '@rollup/rollup-android-arm64': 4.52.4
      '@rollup/rollup-darwin-arm64': 4.52.4
      '@rollup/rollup-darwin-x64': 4.52.4
      '@rollup/rollup-freebsd-arm64': 4.52.4
      '@rollup/rollup-freebsd-x64': 4.52.4
      '@rollup/rollup-linux-arm-gnueabihf': 4.52.4
      '@rollup/rollup-linux-arm-musleabihf': 4.52.4
      '@rollup/rollup-linux-arm64-gnu': 4.52.4
      '@rollup/rollup-linux-arm64-musl': 4.52.4
      '@rollup/rollup-linux-loong64-gnu': 4.52.4
      '@rollup/rollup-linux-ppc64-gnu': 4.52.4
      '@rollup/rollup-linux-riscv64-gnu': 4.52.4
      '@rollup/rollup-linux-riscv64-musl': 4.52.4
      '@rollup/rollup-linux-s390x-gnu': 4.52.4
      '@rollup/rollup-linux-x64-gnu': 4.52.4
      '@rollup/rollup-linux-x64-musl': 4.52.4
      '@rollup/rollup-openharmony-arm64': 4.52.4
      '@rollup/rollup-win32-arm64-msvc': 4.52.4
      '@rollup/rollup-win32-ia32-msvc': 4.52.4
      '@rollup/rollup-win32-x64-gnu': 4.52.4
      '@rollup/rollup-win32-x64-msvc': 4.52.4
      fsevents: 2.3.3

  safe-buffer@5.1.2: {}

  selenium-webdriver@4.37.0:
    dependencies:
      '@bazel/runfiles': 6.5.0
      jszip: 3.10.1
      tmp: 0.2.5
      ws: 8.18.3
    transitivePeerDependencies:
      - bufferutil
      - utf-8-validate

  semver@7.7.3: {}

  setimmediate@1.0.5: {}

  siginfo@2.0.0: {}

  source-map-js@1.2.1: {}

  stackback@0.0.2: {}

  std-env@3.10.0: {}

  string_decoder@1.1.1:
    dependencies:
      safe-buffer: 5.1.2

  supports-color@7.2.0:
    dependencies:
      has-flag: 4.0.0

  tinybench@2.9.0: {}

  tinyexec@0.3.2: {}

  tinyglobby@0.2.15:
    dependencies:
      fdir: 6.5.0(picomatch@4.0.3)
      picomatch: 4.0.3

  tinyrainbow@3.0.3: {}

  tmp@0.2.5: {}

  typescript@5.9.3: {}

  undici-types@7.16.0: {}

  util-deprecate@1.0.2: {}

  vite@7.1.11(@types/node@24.9.1):
    dependencies:
      esbuild: 0.25.11
      fdir: 6.5.0(picomatch@4.0.3)
      picomatch: 4.0.3
      postcss: 8.5.6
      rollup: 4.52.4
      tinyglobby: 0.2.15
    optionalDependencies:
      '@types/node': 24.9.1
      fsevents: 2.3.3

  vitest@4.0.1(@types/node@24.9.1):
    dependencies:
      '@vitest/expect': 4.0.1
      '@vitest/mocker': 4.0.1(vite@7.1.11(@types/node@24.9.1))
      '@vitest/pretty-format': 4.0.1
      '@vitest/runner': 4.0.1
      '@vitest/snapshot': 4.0.1
      '@vitest/spy': 4.0.1
      '@vitest/utils': 4.0.1
      debug: 4.4.3
      es-module-lexer: 1.7.0
      expect-type: 1.2.2
      magic-string: 0.30.19
      pathe: 2.0.3
      picomatch: 4.0.3
      std-env: 3.10.0
      tinybench: 2.9.0
      tinyexec: 0.3.2
      tinyglobby: 0.2.15
      tinyrainbow: 3.0.3
      vite: 7.1.11(@types/node@24.9.1)
      why-is-node-running: 2.3.0
    optionalDependencies:
      '@types/node': 24.9.1
    transitivePeerDependencies:
      - jiti
      - less
      - lightningcss
      - msw
      - sass
      - sass-embedded
      - stylus
      - sugarss
      - supports-color
      - terser
      - tsx
      - yaml

  why-is-node-running@2.3.0:
    dependencies:
      siginfo: 2.0.0
      stackback: 0.0.2

  ws@8.18.3: {}
